
Microsoft Visual Studio Solution File, Format Version 11.00
# Visual Studio 2010
Project("{FAE04EC0-301F-11D3-BF4B-00C04F79EFBC}") = "dogulus", "Assembly-CSharp.csproj", "{2A0BDD57-8E3D-F4D8-FE5D-DD00FAF63BF0}"
EndProject
Project("{FAE04EC0-301F-11D3-BF4B-00C04F79EFBC}") = "dogulus", "Assembly-CSharp-firstpass.csproj", "{D6D32CA7-00BC-5786-6CC0-577FBF6DD290}"
EndProject
Project("{FAE04EC0-301F-11D3-BF4B-00C04F79EFBC}") = "dogulus", "Assembly-CSharp-Editor.csproj", "{16FAB02E-7F23-8958-FF2B-AE3C6EA780CD}"
EndProject
Project("{FAE04EC0-301F-11D3-BF4B-00C04F79EFBC}") = "dogulus", "Assembly-CSharp-Editor-firstpass.csproj", "{914F2017-A405-DC06-5984-A1D57C0C8927}"
EndProject
Global
	GlobalSection(SolutionConfigurationPlatforms) = preSolution
		Debug|Any CPU = Debug|Any CPU
		Release|Any CPU = Release|Any CPU
	EndGlobalSection
	GlobalSection(ProjectConfigurationPlatforms) = postSolution
		{2A0BDD57-8E3D-F4D8-FE5D-DD00FAF63BF0}.Debug|Any CPU.ActiveCfg = Debug|Any CPU
		{2A0BDD57-8E3D-F4D8-FE5D-DD00FAF63BF0}.Debug|Any CPU.Build.0 = Debug|Any CPU
		{2A0BDD57-8E3D-F4D8-FE5D-DD00FAF63BF0}.Release|Any CPU.ActiveCfg = Release|Any CPU
		{2A0BDD57-8E3D-F4D8-FE5D-DD00FAF63BF0}.Release|Any CPU.Build.0 = Release|Any CPU
		{D6D32CA7-00BC-5786-6CC0-577FBF6DD290}.Debug|Any CPU.ActiveCfg = Debug|Any CPU
		{D6D32CA7-00BC-5786-6CC0-577FBF6DD290}.Debug|Any CPU.Build.0 = Debug|Any CPU
		{D6D32CA7-00BC-5786-6CC0-577FBF6DD290}.Release|Any CPU.ActiveCfg = Release|Any CPU
		{D6D32CA7-00BC-5786-6CC0-577FBF6DD290}.Release|Any CPU.Build.0 = Release|Any CPU
		{16FAB02E-7F23-8958-FF2B-AE3C6EA780CD}.Debug|Any CPU.ActiveCfg = Debug|Any CPU
		{16FAB02E-7F23-8958-FF2B-AE3C6EA780CD}.Debug|Any CPU.Build.0 = Debug|Any CPU
		{16FAB02E-7F23-8958-FF2B-AE3C6EA780CD}.Release|Any CPU.ActiveCfg = Release|Any CPU
		{16FAB02E-7F23-8958-FF2B-AE3C6EA780CD}.Release|Any CPU.Build.0 = Release|Any CPU
		{914F2017-A405-DC06-5984-A1D57C0C8927}.Debug|Any CPU.ActiveCfg = Debug|Any CPU
		{914F2017-A405-DC06-5984-A1D57C0C8927}.Debug|Any CPU.Build.0 = Debug|Any CPU
		{914F2017-A405-DC06-5984-A1D57C0C8927}.Release|Any CPU.ActiveCfg = Release|Any CPU
		{914F2017-A405-DC06-5984-A1D57C0C8927}.Release|Any CPU.Build.0 = Release|Any CPU
	EndGlobalSection
	GlobalSection(SolutionProperties) = preSolution
		HideSolutionNode = FALSE
	EndGlobalSection
	GlobalSection(MonoDevelopProperties) = preSolution
		StartupItem = Assembly-CSharp.csproj
	EndGlobalSection
EndGlobal
